
Microsoft Visual Studio Solution File, Format Version 12.00
# Visual Studio 15
VisualStudioVersion = 15.0.28307.421
MinimumVisualStudioVersion = 10.0.40219.1
Project("{FAE04EC0-301F-11D3-BF4B-00C04F79EFBC}") = "FitApp", "FitApp\FitApp.csproj", "{E997593B-8D28-4547-9268-F4FC1C14959A}"
EndProject
Global
	GlobalSection(SolutionConfigurationPlatforms) = preSolution
		Debug|Any CPU = Debug|Any CPU
		Release|Any CPU = Release|Any CPU
	EndGlobalSection
	GlobalSection(ProjectConfigurationPlatforms) = postSolution
		{E997593B-8D28-4547-9268-F4FC1C14959A}.Debug|Any CPU.ActiveCfg = Debug|Any CPU
		{E997593B-8D28-4547-9268-F4FC1C14959A}.Debug|Any CPU.Build.0 = Debug|Any CPU
		{E997593B-8D28-4547-9268-F4FC1C14959A}.Release|Any CPU.ActiveCfg = Release|Any CPU
		{E997593B-8D28-4547-9268-F4FC1C14959A}.Release|Any CPU.Build.0 = Release|Any CPU
	EndGlobalSection
	GlobalSection(SolutionProperties) = preSolution
		HideSolutionNode = FALSE
	EndGlobalSection
	GlobalSection(ExtensibilityGlobals) = postSolution
		SolutionGuid = {351D46E7-6949-444D-9594-9329A0832831}
	EndGlobalSection
EndGlobal
